// !$*UTF8*$!
{
	archiveVersion = 1;
	classes = {
	};
	objectVersion = 55;
	objects = {

/* Begin PBXBuildFile section */
		CA37B8B6286E68930040A755 /* english4ViewController.swift in Sources */ = {isa = PBXBuildFile; fileRef = CA37B8B5286E68930040A755 /* english4ViewController.swift */; };
		CA37B8B8286E69AB0040A755 /* spanish7ViewController.swift in Sources */ = {isa = PBXBuildFile; fileRef = CA37B8B7286E69AB0040A755 /* spanish7ViewController.swift */; };
		CA97FEB9286D70AA008FFF72 /* AppDelegate.swift in Sources */ = {isa = PBXBuildFile; fileRef = CA97FEB8286D70AA008FFF72 /* AppDelegate.swift */; };
		CA97FEBB286D70AA008FFF72 /* SceneDelegate.swift in Sources */ = {isa = PBXBuildFile; fileRef = CA97FEBA286D70AA008FFF72 /* SceneDelegate.swift */; };
		CA97FEBD286D70AA008FFF72 /* ViewController.swift in Sources */ = {isa = PBXBuildFile; fileRef = CA97FEBC286D70AA008FFF72 /* ViewController.swift */; };
		CA97FEC0286D70AA008FFF72 /* Main.storyboard in Resources */ = {isa = PBXBuildFile; fileRef = CA97FEBE286D70AA008FFF72 /* Main.storyboard */; };
		CA97FEC3286D70AA008FFF72 /* EsteeLauderChallenge.xcdatamodeld in Sources */ = {isa = PBXBuildFile; fileRef = CA97FEC1286D70AA008FFF72 /* EsteeLauderChallenge.xcdatamodeld */; };
		CA97FEC5286D70AC008FFF72 /* Assets.xcassets in Resources */ = {isa = PBXBuildFile; fileRef = CA97FEC4286D70AC008FFF72 /* Assets.xcassets */; };
		CA97FEC8286D70AC008FFF72 /* LaunchScreen.storyboard in Resources */ = {isa = PBXBuildFile; fileRef = CA97FEC6286D70AC008FFF72 /* LaunchScreen.storyboard */; };
		CA97FED0286DD096008FFF72 /* enlgish5ViewController.swift in Sources */ = {isa = PBXBuildFile; fileRef = CA97FECF286DD096008FFF72 /* enlgish5ViewController.swift */; };
		CA97FEF7286DE95C008FFF72 /* English7_ViewController.swift in Sources */ = {isa = PBXBuildFile; fileRef = CA97FEF6286DE95C008FFF72 /* English7_ViewController.swift */; };
/* End PBXBuildFile section */

/* Begin PBXFileReference section */
		CA37B8B5286E68930040A755 /* english4ViewController.swift */ = {isa = PBXFileReference; lastKnownFileType = sourcecode.swift; path = english4ViewController.swift; sourceTree = "<group>"; };
		CA37B8B7286E69AB0040A755 /* spanish7ViewController.swift */ = {isa = PBXFileReference; lastKnownFileType = sourcecode.swift; path = spanish7ViewController.swift; sourceTree = "<group>"; };
		CA97FEB5286D70AA008FFF72 /* EsteeLauderChallenge.app */ = {isa = PBXFileReference; explicitFileType = wrapper.application; includeInIndex = 0; path = EsteeLauderChallenge.app; sourceTree = BUILT_PRODUCTS_DIR; };
		CA97FEB8286D70AA008FFF72 /* AppDelegate.swift */ = {isa = PBXFileReference; lastKnownFileType = sourcecode.swift; path = AppDelegate.swift; sourceTree = "<group>"; };
		CA97FEBA286D70AA008FFF72 /* SceneDelegate.swift */ = {isa = PBXFileReference; lastKnownFileType = sourcecode.swift; path = SceneDelegate.swift; sourceTree = "<group>"; };
		CA97FEBC286D70AA008FFF72 /* ViewController.swift */ = {isa = PBXFileReference; lastKnownFileType = sourcecode.swift; path = ViewController.swift; sourceTree = "<group>"; };
		CA97FEBF286D70AA008FFF72 /* Base */ = {isa = PBXFileReference; lastKnownFileType = file.storyboard; name = Base; path = Base.lproj/Main.storyboard; sourceTree = "<group>"; };
		CA97FEC2286D70AA008FFF72 /* EsteeLauderChallenge.xcdatamodel */ = {isa = PBXFileReference; lastKnownFileType = wrapper.xcdatamodel; path = EsteeLauderChallenge.xcdatamodel; sourceTree = "<group>"; };
		CA97FEC4286D70AC008FFF72 /* Assets.xcassets */ = {isa = PBXFileReference; lastKnownFileType = folder.assetcatalog; path = Assets.xcassets; sourceTree = "<group>"; };
		CA97FEC7286D70AC008FFF72 /* Base */ = {isa = PBXFileReference; lastKnownFileType = file.storyboard; name = Base; path = Base.lproj/LaunchScreen.storyboard; sourceTree = "<group>"; };
		CA97FEC9286D70AC008FFF72 /* Info.plist */ = {isa = PBXFileReference; lastKnownFileType = text.plist.xml; path = Info.plist; sourceTree = "<group>"; };
		CA97FECF286DD096008FFF72 /* enlgish5ViewController.swift */ = {isa = PBXFileReference; lastKnownFileType = sourcecode.swift; path = enlgish5ViewController.swift; sourceTree = "<group>"; };
		CA97FEF6286DE95C008FFF72 /* English7_ViewController.swift */ = {isa = PBXFileReference; lastKnownFileType = sourcecode.swift; path = English7_ViewController.swift; sourceTree = "<group>"; };
/* End PBXFileReference section */

/* Begin PBXFrameworksBuildPhase section */
		CA97FEB2286D70AA008FFF72 /* Frameworks */ = {
			isa = PBXFrameworksBuildPhase;
			buildActionMask = 2147483647;
			files = (
			);
			runOnlyForDeploymentPostprocessing = 0;
		};
/* End PBXFrameworksBuildPhase section */

/* Begin PBXGroup section */
		CA97FEAC286D70AA008FFF72 = {
			isa = PBXGroup;
			children = (
				CA97FEB7286D70AA008FFF72 /* EsteeLauderChallenge */,
				CA97FEB6286D70AA008FFF72 /* Products */,
			);
			sourceTree = "<group>";
		};
		CA97FEB6286D70AA008FFF72 /* Products */ = {
			isa = PBXGroup;
			children = (
				CA97FEB5286D70AA008FFF72 /* EsteeLauderChallenge.app */,
			);
			name = Products;
			sourceTree = "<group>";
		};
		CA97FEB7286D70AA008FFF72 /* EsteeLauderChallenge */ = {
			isa = PBXGroup;
			children = (
				CA97FEB8286D70AA008FFF72 /* AppDelegate.swift */,
				CA97FEBA286D70AA008FFF72 /* SceneDelegate.swift */,
				CA97FEBC286D70AA008FFF72 /* ViewController.swift */,
				CA97FEF6286DE95C008FFF72 /* English7_ViewController.swift */,
				CA37B8B5286E68930040A755 /* english4ViewController.swift */,
				CA97FEBE286D70AA008FFF72 /* Main.storyboard */,
				CA37B8B7286E69AB0040A755 /* spanish7ViewController.swift */,
				CA97FECF286DD096008FFF72 /* enlgish5ViewController.swift */,
				CA97FEC4286D70AC008FFF72 /* Assets.xcassets */,
				CA97FEC6286D70AC008FFF72 /* LaunchScreen.storyboard */,
				CA97FEC9286D70AC008FFF72 /* Info.plist */,
				CA97FEC1286D70AA008FFF72 /* EsteeLauderChallenge.xcdatamodeld */,
			);
			path = EsteeLauderChallenge;
			sourceTree = "<group>";
		};
/* End PBXGroup section */

/* Begin PBXNativeTarget section */
		CA97FEB4286D70AA008FFF72 /* EsteeLauderChallenge */ = {
			isa = PBXNativeTarget;
			buildConfigurationList = CA97FECC286D70AC008FFF72 /* Build configuration list for PBXNativeTarget "EsteeLauderChallenge" */;
			buildPhases = (
				CA97FEB1286D70AA008FFF72 /* Sources */,
				CA97FEB2286D70AA008FFF72 /* Frameworks */,
				CA97FEB3286D70AA008FFF72 /* Resources */,
			);
			buildRules = (
			);
			dependencies = (
			);
			name = EsteeLauderChallenge;
			productName = EsteeLauderChallenge;
			productReference = CA97FEB5286D70AA008FFF72 /* EsteeLauderChallenge.app */;
			productType = "com.apple.product-type.application";
		};
/* End PBXNativeTarget section */

/* Begin PBXProject section */
		CA97FEAD286D70AA008FFF72 /* Project object */ = {
			isa = PBXProject;
			attributes = {
				BuildIndependentTargetsInParallel = 1;
				LastSwiftUpdateCheck = 1340;
				LastUpgradeCheck = 1340;
				TargetAttributes = {
					CA97FEB4286D70AA008FFF72 = {
						CreatedOnToolsVersion = 13.4.1;
					};
				};
			};
			buildConfigurationList = CA97FEB0286D70AA008FFF72 /* Build configuration list for PBXProject "EsteeLauderChallenge" */;
			compatibilityVersion = "Xcode 13.0";
			developmentRegion = en;
			hasScannedForEncodings = 0;
			knownRegions = (
				en,
				Base,
			);
			mainGroup = CA97FEAC286D70AA008FFF72;
			productRefGroup = CA97FEB6286D70AA008FFF72 /* Products */;
			projectDirPath = "";
			projectRoot = "";
			targets = (
				CA97FEB4286D70AA008FFF72 /* EsteeLauderChallenge */,
			);
		};
/* End PBXProject section */

/* Begin PBXResourcesBuildPhase section */
		CA97FEB3286D70AA008FFF72 /* Resources */ = {
			isa = PBXResourcesBuildPhase;
			buildActionMask = 2147483647;
			files = (
				CA97FEC8286D70AC008FFF72 /* LaunchScreen.storyboard in Resources */,
				CA97FEC5286D70AC008FFF72 /* Assets.xcassets in Resources */,
				CA97FEC0286D70AA008FFF72 /* Main.storyboard in Resources */,
			);
			runOnlyForDeploymentPostprocessing = 0;
		};
/* End PBXResourcesBuildPhase section */

/* Begin PBXSourcesBuildPhase section */
		CA97FEB1286D70AA008FFF72 /* Sources */ = {
			isa = PBXSourcesBuildPhase;
			buildActionMask = 2147483647;
			files = (
				CA97FED0286DD096008FFF72 /* enlgish5ViewController.swift in Sources */,
				CA37B8B6286E68930040A755 /* english4ViewController.swift in Sources */,
				CA97FEF7286DE95C008FFF72 /* English7_ViewController.swift in Sources */,
				CA37B8B8286E69AB0040A755 /* spanish7ViewController.swift in Sources */,
				CA97FEBD286D70AA008FFF72 /* ViewController.swift in Sources */,
				CA97FEC3286D70AA008FFF72 /* EsteeLauderChallenge.xcdatamodeld in Sources */,
				CA97FEB9286D70AA008FFF72 /* AppDelegate.swift in Sources */,
				CA97FEBB286D70AA008FFF72 /* SceneDelegate.swift in Sources */,
			);
			runOnlyForDeploymentPostprocessing = 0;
		};
/* End PBXSourcesBuildPhase section */

/* Begin PBXVariantGroup section */
		CA97FEBE286D70AA008FFF72 /* Main.storyboard */ = {
			isa = PBXVariantGroup;
			children = (
				CA97FEBF286D70AA008FFF72 /* Base */,
			);
			name = Main.storyboard;
			sourceTree = "<group>";
		};
		CA97FEC6286D70AC008FFF72 /* LaunchScreen.storyboard */ = {
			isa = PBXVariantGroup;
			children = (
				CA97FEC7286D70AC008FFF72 /* Base */,
			);
			name = LaunchScreen.storyboard;
			sourceTree = "<group>";
		};
/* End PBXVariantGroup section */

/* Begin XCBuildConfiguration section */
		CA97FECA286D70AC008FFF72 /* Debug */ = {
			isa = XCBuildConfiguration;
			buildSettings = {
				ALWAYS_SEARCH_USER_PATHS = NO;
				CLANG_ANALYZER_NONNULL = YES;
				CLANG_ANALYZER_NUMBER_OBJECT_CONVERSION = YES_AGGRESSIVE;
				CLANG_CXX_LANGUAGE_STANDARD = "gnu++17";
				CLANG_ENABLE_MODULES = YES;
				CLANG_ENABLE_OBJC_ARC = YES;
				CLANG_ENABLE_OBJC_WEAK = YES;
				CLANG_WARN_BLOCK_CAPTURE_AUTORELEASING = YES;
				CLANG_WARN_BOOL_CONVERSION = YES;
				CLANG_WARN_COMMA = YES;
				CLANG_WARN_CONSTANT_CONVERSION = YES;
				CLANG_WARN_DEPRECATED_OBJC_IMPLEMENTATIONS = YES;
				CLANG_WARN_DIRECT_OBJC_ISA_USAGE = YES_ERROR;
				CLANG_WARN_DOCUMENTATION_COMMENTS = YES;
				CLANG_WARN_EMPTY_BODY = YES;
				CLANG_WARN_ENUM_CONVERSION = YES;
				CLANG_WARN_INFINITE_RECURSION = YES;
				CLANG_WARN_INT_CONVERSION = YES;
				CLANG_WARN_NON_LITERAL_NULL_CONVERSION = YES;
				CLANG_WARN_OBJC_IMPLICIT_RETAIN_SELF = YES;
				CLANG_WARN_OBJC_LITERAL_CONVERSION = YES;
				CLANG_WARN_OBJC_ROOT_CLASS = YES_ERROR;
				CLANG_WARN_QUOTED_INCLUDE_IN_FRAMEWORK_HEADER = YES;
				CLANG_WARN_RANGE_LOOP_ANALYSIS = YES;
				CLANG_WARN_STRICT_PROTOTYPES = YES;
				CLANG_WARN_SUSPICIOUS_MOVE = YES;
				CLANG_WARN_UNGUARDED_AVAILABILITY = YES_AGGRESSIVE;
				CLANG_WARN_UNREACHABLE_CODE = YES;
				CLANG_WARN__DUPLICATE_METHOD_MATCH = YES;
				COPY_PHASE_STRIP = NO;
				DEBUG_INFORMATION_FORMAT = dwarf;
				ENABLE_STRICT_OBJC_MSGSEND = YES;
				ENABLE_TESTABILITY = YES;
				GCC_C_LANGUAGE_STANDARD = gnu11;
				GCC_DYNAMIC_NO_PIC = NO;
				GCC_NO_COMMON_BLOCKS = YES;
				GCC_OPTIMIZATION_LEVEL = 0;
				GCC_PREPROCESSOR_DEFINITIONS = (
					"DEBUG=1",
					"$(inherited)",
				);
				GCC_WARN_64_TO_32_BIT_CONVERSION = YES;
				GCC_WARN_ABOUT_RETURN_TYPE = YES_ERROR;
				GCC_WARN_UNDECLARED_SELECTOR = YES;
				GCC_WARN_UNINITIALIZED_AUTOS = YES_AGGRESSIVE;
				GCC_WARN_UNUSED_FUNCTION = YES;
				GCC_WARN_UNUSED_VARIABLE = YES;
				IPHONEOS_DEPLOYMENT_TARGET = 15.5;
				MTL_ENABLE_DEBUG_INFO = INCLUDE_SOURCE;
				MTL_FAST_MATH = YES;
				ONLY_ACTIVE_ARCH = YES;
				SDKROOT = iphoneos;
				SWIFT_ACTIVE_COMPILATION_CONDITIONS = DEBUG;
				SWIFT_OPTIMIZATION_LEVEL = "-Onone";
			};
			name = Debug;
		};
		CA97FECB286D70AC008FFF72 /* Release */ = {
			isa = XCBuildConfiguration;
			buildSettings = {
				ALWAYS_SEARCH_USER_PATHS = NO;
				CLANG_ANALYZER_NONNULL = YES;
				CLANG_ANALYZER_NUMBER_OBJECT_CONVERSION = YES_AGGRESSIVE;
				CLANG_CXX_LANGUAGE_STANDARD = "gnu++17";
				CLANG_ENABLE_MODULES = YES;
				CLANG_ENABLE_OBJC_ARC = YES;
				CLANG_ENABLE_OBJC_WEAK = YES;
				CLANG_WARN_BLOCK_CAPTURE_AUTORELEASING = YES;
				CLANG_WARN_BOOL_CONVERSION = YES;
				CLANG_WARN_COMMA = YES;
				CLANG_WARN_CONSTANT_CONVERSION = YES;
				CLANG_WARN_DEPRECATED_OBJC_IMPLEMENTATIONS = YES;
				CLANG_WARN_DIRECT_OBJC_ISA_USAGE = YES_ERROR;
				CLANG_WARN_DOCUMENTATION_COMMENTS = YES;
				CLANG_WARN_EMPTY_BODY = YES;
				CLANG_WARN_ENUM_CONVERSION = YES;
				CLANG_WARN_INFINITE_RECURSION = YES;
				CLANG_WARN_INT_CONVERSION = YES;
				CLANG_WARN_NON_LITERAL_NULL_CONVERSION = YES;
				CLANG_WARN_OBJC_IMPLICIT_RETAIN_SELF = YES;
				CLANG_WARN_OBJC_LITERAL_CONVERSION = YES;
				CLANG_WARN_OBJC_ROOT_CLASS = YES_ERROR;
				CLANG_WARN_QUOTED_INCLUDE_IN_FRAMEWORK_HEADER = YES;
				CLANG_WARN_RANGE_LOOP_ANALYSIS = YES;
				CLANG_WARN_STRICT_PROTOTYPES = YES;
				CLANG_WARN_SUSPICIOUS_MOVE = YES;
				CLANG_WARN_UNGUARDED_AVAILABILITY = YES_AGGRESSIVE;
				CLANG_WARN_UNREACHABLE_CODE = YES;
				CLANG_WARN__DUPLICATE_METHOD_MATCH = YES;
				COPY_PHASE_STRIP = NO;
				DEBUG_INFORMATION_FORMAT = "dwarf-with-dsym";
				ENABLE_NS_ASSERTIONS = NO;
				ENABLE_STRICT_OBJC_MSGSEND = YES;
				GCC_C_LANGUAGE_STANDARD = gnu11;
				GCC_NO_COMMON_BLOCKS = YES;
				GCC_WARN_64_TO_32_BIT_CONVERSION = YES;
				GCC_WARN_ABOUT_RETURN_TYPE = YES_ERROR;
				GCC_WARN_UNDECLARED_SELECTOR = YES;
				GCC_WARN_UNINITIALIZED_AUTOS = YES_AGGRESSIVE;
				GCC_WARN_UNUSED_FUNCTION = YES;
				GCC_WARN_UNUSED_VARIABLE = YES;
				IPHONEOS_DEPLOYMENT_TARGET = 15.5;
				MTL_ENABLE_DEBUG_INFO = NO;
				MTL_FAST_MATH = YES;
				SDKROOT = iphoneos;
				SWIFT_COMPILATION_MODE = wholemodule;
				SWIFT_OPTIMIZATION_LEVEL = "-O";
				VALIDATE_PRODUCT = YES;
			};
			name = Release;
		};
		CA97FECD286D70AC008FFF72 /* Debug */ = {
			isa = XCBuildConfiguration;
			buildSettings = {
				ASSETCATALOG_COMPILER_APPICON_NAME = AppIcon;
				ASSETCATALOG_COMPILER_GLOBAL_ACCENT_COLOR_NAME = AccentColor;
				CODE_SIGN_STYLE = Automatic;
				CURRENT_PROJECT_VERSION = 1;
				GENERATE_INFOPLIST_FILE = YES;
				INFOPLIST_FILE = EsteeLauderChallenge/Info.plist;
				INFOPLIST_KEY_UIApplicationSupportsIndirectInputEvents = YES;
				INFOPLIST_KEY_UILaunchStoryboardName = LaunchScreen;
				INFOPLIST_KEY_UIMainStoryboardFile = Main;
				INFOPLIST_KEY_UISupportedInterfaceOrientations_iPad = "UIInterfaceOrientationPortrait UIInterfaceOrientationPortraitUpsideDown UIInterfaceOrientationLandscapeLeft UIInterfaceOrientationLandscapeRight";
				INFOPLIST_KEY_UISupportedInterfaceOrientations_iPhone = "UIInterfaceOrientationPortrait UIInterfaceOrientationLandscapeLeft UIInterfaceOrientationLandscapeRight";
				LD_RUNPATH_SEARCH_PATHS = (
					"$(inherited)",
					"@executable_path/Frameworks",
				);
				MARKETING_VERSION = 1.0;
				PRODUCT_BUNDLE_IDENTIFIER = RDanielaR.EsteeLauderChallenge;
				PRODUCT_NAME = "$(TARGET_NAME)";
				SWIFT_EMIT_LOC_STRINGS = YES;
				SWIFT_VERSION = 5.0;
				TARGETED_DEVICE_FAMILY = "1,2";
			};
			name = Debug;
		};
		CA97FECE286D70AC008FFF72 /* Release */ = {
			isa = XCBuildConfiguration;
			buildSettings = {
				ASSETCATALOG_COMPILER_APPICON_NAME = AppIcon;
				ASSETCATALOG_COMPILER_GLOBAL_ACCENT_COLOR_NAME = AccentColor;
				CODE_SIGN_STYLE = Automatic;
				CURRENT_PROJECT_VERSION = 1;
				GENERATE_INFOPLIST_FILE = YES;
				INFOPLIST_FILE = EsteeLauderChallenge/Info.plist;
				INFOPLIST_KEY_UIApplicationSupportsIndirectInputEvents = YES;
				INFOPLIST_KEY_UILaunchStoryboardName = LaunchScreen;
				INFOPLIST_KEY_UIMainStoryboardFile = Main;
				INFOPLIST_KEY_UISupportedInterfaceOrientations_iPad = "UIInterfaceOrientationPortrait UIInterfaceOrientationPortraitUpsideDown UIInterfaceOrientationLandscapeLeft UIInterfaceOrientationLandscapeRight";
				INFOPLIST_KEY_UISupportedInterfaceOrientations_iPhone = "UIInterfaceOrientationPortrait UIInterfaceOrientationLandscapeLeft UIInterfaceOrientationLandscapeRight";
				LD_RUNPATH_SEARCH_PATHS = (
					"$(inherited)",
					"@executable_path/Frameworks",
				);
				MARKETING_VERSION = 1.0;
				PRODUCT_BUNDLE_IDENTIFIER = RDanielaR.EsteeLauderChallenge;
				PRODUCT_NAME = "$(TARGET_NAME)";
				SWIFT_EMIT_LOC_STRINGS = YES;
				SWIFT_VERSION = 5.0;
				TARGETED_DEVICE_FAMILY = "1,2";
			};
			name = Release;
		};
/* End XCBuildConfiguration section */

/* Begin XCConfigurationList section */
		CA97FEB0286D70AA008FFF72 /* Build configuration list for PBXProject "EsteeLauderChallenge" */ = {
			isa = XCConfigurationList;
			buildConfigurations = (
				CA97FECA286D70AC008FFF72 /* Debug */,
				CA97FECB286D70AC008FFF72 /* Release */,
			);
			defaultConfigurationIsVisible = 0;
			defaultConfigurationName = Release;
		};
		CA97FECC286D70AC008FFF72 /* Build configuration list for PBXNativeTarget "EsteeLauderChallenge" */ = {
			isa = XCConfigurationList;
			buildConfigurations = (
				CA97FECD286D70AC008FFF72 /* Debug */,
				CA97FECE286D70AC008FFF72 /* Release */,
			);
			defaultConfigurationIsVisible = 0;
			defaultConfigurationName = Release;
		};
/* End XCConfigurationList section */

/* Begin XCVersionGroup section */
		CA97FEC1286D70AA008FFF72 /* EsteeLauderChallenge.xcdatamodeld */ = {
			isa = XCVersionGroup;
			children = (
				CA97FEC2286D70AA008FFF72 /* EsteeLauderChallenge.xcdatamodel */,
			);
			currentVersion = CA97FEC2286D70AA008FFF72 /* EsteeLauderChallenge.xcdatamodel */;
			path = EsteeLauderChallenge.xcdatamodeld;
			sourceTree = "<group>";
			versionGroupType = wrapper.xcdatamodel;
		};
/* End XCVersionGroup section */
	};
	rootObject = CA97FEAD286D70AA008FFF72 /* Project object */;
}
